
Microsoft Visual Studio Solution File, Format Version 12.00
# Visual Studio Version 17
VisualStudioVersion = 17.4.33213.308
MinimumVisualStudioVersion = 10.0.40219.1
Project("{8BC9CEB8-8B4A-11D0-8D11-00A0C91BC942}") = "D3D12RaytracingHelloWorld", "D3D12RaytracingHelloWorld.vcxproj", "{5018F6A3-6533-4744-B1FD-727D199FD2E9}"
EndProject
Project("{8BC9CEB8-8B4A-11D0-8D11-00A0C91BC942}") = "GrfxTestFramework", "..\GrfxTestFramework\GrfxTestFramework.vcxproj", "{13077087-4107-4233-A00D-4730FD883FAE}"
EndProject
Project("{8BC9CEB8-8B4A-11D0-8D11-00A0C91BC942}") = "D3D12RaytracingProceduralGeometry", "..\D3D12RaytracingProceduralGeometry\D3D12RaytracingProceduralGeometry.vcxproj", "{0C266269-AC0C-41B0-9D25-0117DC23CFC7}"
EndProject
Project("{8BC9CEB8-8B4A-11D0-8D11-00A0C91BC942}") = "D3D12RaytracingSimpleLighting", "..\D3D12RaytracingSimpleLighting\D3D12RaytracingSimpleLighting.vcxproj", "{A0848C98-F5AA-431C-9E76-7F1E7EFA368C}"
EndProject
Global
	GlobalSection(SolutionConfigurationPlatforms) = preSolution
		Debug|x64 = Debug|x64
		Debug|x86 = Debug|x86
		Release|x64 = Release|x64
		Release|x86 = Release|x86
	EndGlobalSection
	GlobalSection(ProjectConfigurationPlatforms) = postSolution
		{5018F6A3-6533-4744-B1FD-727D199FD2E9}.Debug|x64.ActiveCfg = Debug|x64
		{5018F6A3-6533-4744-B1FD-727D199FD2E9}.Debug|x64.Build.0 = Debug|x64
		{5018F6A3-6533-4744-B1FD-727D199FD2E9}.Debug|x86.ActiveCfg = Debug|x64
		{5018F6A3-6533-4744-B1FD-727D199FD2E9}.Debug|x86.Build.0 = Debug|x64
		{5018F6A3-6533-4744-B1FD-727D199FD2E9}.Release|x64.ActiveCfg = Release|x64
		{5018F6A3-6533-4744-B1FD-727D199FD2E9}.Release|x64.Build.0 = Release|x64
		{5018F6A3-6533-4744-B1FD-727D199FD2E9}.Release|x86.ActiveCfg = Release|x64
		{5018F6A3-6533-4744-B1FD-727D199FD2E9}.Release|x86.Build.0 = Release|x64
		{13077087-4107-4233-A00D-4730FD883FAE}.Debug|x64.ActiveCfg = Debug|x64
		{13077087-4107-4233-A00D-4730FD883FAE}.Debug|x64.Build.0 = Debug|x64
		{13077087-4107-4233-A00D-4730FD883FAE}.Debug|x86.ActiveCfg = Debug|Win32
		{13077087-4107-4233-A00D-4730FD883FAE}.Debug|x86.Build.0 = Debug|Win32
		{13077087-4107-4233-A00D-4730FD883FAE}.Release|x64.ActiveCfg = Release|x64
		{13077087-4107-4233-A00D-4730FD883FAE}.Release|x64.Build.0 = Release|x64
		{13077087-4107-4233-A00D-4730FD883FAE}.Release|x86.ActiveCfg = Release|Win32
		{13077087-4107-4233-A00D-4730FD883FAE}.Release|x86.Build.0 = Release|Win32
		{0C266269-AC0C-41B0-9D25-0117DC23CFC7}.Debug|x64.ActiveCfg = Debug|x64
		{0C266269-AC0C-41B0-9D25-0117DC23CFC7}.Debug|x64.Build.0 = Debug|x64
		{0C266269-AC0C-41B0-9D25-0117DC23CFC7}.Debug|x86.ActiveCfg = Debug|x64
		{0C266269-AC0C-41B0-9D25-0117DC23CFC7}.Debug|x86.Build.0 = Debug|x64
		{0C266269-AC0C-41B0-9D25-0117DC23CFC7}.Release|x64.ActiveCfg = Release|x64
		{0C266269-AC0C-41B0-9D25-0117DC23CFC7}.Release|x64.Build.0 = Release|x64
		{0C266269-AC0C-41B0-9D25-0117DC23CFC7}.Release|x86.ActiveCfg = Release|x64
		{0C266269-AC0C-41B0-9D25-0117DC23CFC7}.Release|x86.Build.0 = Release|x64
		{A0848C98-F5AA-431C-9E76-7F1E7EFA368C}.Debug|x64.ActiveCfg = Debug|x64
		{A0848C98-F5AA-431C-9E76-7F1E7EFA368C}.Debug|x64.Build.0 = Debug|x64
		{A0848C98-F5AA-431C-9E76-7F1E7EFA368C}.Debug|x86.ActiveCfg = Debug|x64
		{A0848C98-F5AA-431C-9E76-7F1E7EFA368C}.Debug|x86.Build.0 = Debug|x64
		{A0848C98-F5AA-431C-9E76-7F1E7EFA368C}.Release|x64.ActiveCfg = Release|x64
		{A0848C98-F5AA-431C-9E76-7F1E7EFA368C}.Release|x64.Build.0 = Release|x64
		{A0848C98-F5AA-431C-9E76-7F1E7EFA368C}.Release|x86.ActiveCfg = Release|x64
		{A0848C98-F5AA-431C-9E76-7F1E7EFA368C}.Release|x86.Build.0 = Release|x64
	EndGlobalSection
	GlobalSection(SolutionProperties) = preSolution
		HideSolutionNode = FALSE
	EndGlobalSection
	GlobalSection(ExtensibilityGlobals) = postSolution
		SolutionGuid = {ED5B9C4F-ACCC-43EB-ACCF-BA392BA45E8B}
	EndGlobalSection
EndGlobal
